// !$*UTF8*$!
{
	archiveVersion = 1;
	classes = {
	};
	objectVersion = 56;
	objects = {

/* Begin PBXBuildFile section */
		F2B788CE2B0C8B8300D81443 /* AppDelegate.swift in Sources */ = {isa = PBXBuildFile; fileRef = F2B788CD2B0C8B8300D81443 /* AppDelegate.swift */; };
		F2B788D02B0C8B8300D81443 /* SceneDelegate.swift in Sources */ = {isa = PBXBuildFile; fileRef = F2B788CF2B0C8B8300D81443 /* SceneDelegate.swift */; };
		F2B788D72B0C8B8500D81443 /* Assets.xcassets in Resources */ = {isa = PBXBuildFile; fileRef = F2B788D62B0C8B8500D81443 /* Assets.xcassets */; };
		F2B788DA2B0C8B8500D81443 /* LaunchScreen.storyboard in Resources */ = {isa = PBXBuildFile; fileRef = F2B788D82B0C8B8500D81443 /* LaunchScreen.storyboard */; };
		F2B788E52B0C8C9300D81443 /* MainPage.swift in Sources */ = {isa = PBXBuildFile; fileRef = F2B788E42B0C8C9300D81443 /* MainPage.swift */; };
		F2B788E72B0C910A00D81443 /* GoogleService-Info.plist in Resources */ = {isa = PBXBuildFile; fileRef = F2B788E62B0C910900D81443 /* GoogleService-Info.plist */; };
		F2B788EA2B0C925100D81443 /* FirebaseAnalytics in Frameworks */ = {isa = PBXBuildFile; productRef = F2B788E92B0C925100D81443 /* FirebaseAnalytics */; };
		F2B788EC2B0C925100D81443 /* FirebaseCrashlytics in Frameworks */ = {isa = PBXBuildFile; productRef = F2B788EB2B0C925100D81443 /* FirebaseCrashlytics */; };
		F2B788EE2B0C925100D81443 /* FirebaseInAppMessaging-Beta in Frameworks */ = {isa = PBXBuildFile; productRef = F2B788ED2B0C925100D81443 /* FirebaseInAppMessaging-Beta */; };
		F2B788F02B0C925100D81443 /* FirebaseInAppMessagingSwift-Beta in Frameworks */ = {isa = PBXBuildFile; productRef = F2B788EF2B0C925100D81443 /* FirebaseInAppMessagingSwift-Beta */; };
		F2B788F22B0C925100D81443 /* FirebaseInstallations in Frameworks */ = {isa = PBXBuildFile; productRef = F2B788F12B0C925100D81443 /* FirebaseInstallations */; };
		F2B788F42B0C925100D81443 /* FirebaseMLModelDownloader in Frameworks */ = {isa = PBXBuildFile; productRef = F2B788F32B0C925100D81443 /* FirebaseMLModelDownloader */; };
		F2B788F62B0C925100D81443 /* FirebaseMessaging in Frameworks */ = {isa = PBXBuildFile; productRef = F2B788F52B0C925100D81443 /* FirebaseMessaging */; };
		F2B788F82B0C925100D81443 /* FirebasePerformance in Frameworks */ = {isa = PBXBuildFile; productRef = F2B788F72B0C925100D81443 /* FirebasePerformance */; };
		F2B788FA2B0C925100D81443 /* FirebaseRemoteConfig in Frameworks */ = {isa = PBXBuildFile; productRef = F2B788F92B0C925100D81443 /* FirebaseRemoteConfig */; };
		F2B788FC2B0C925100D81443 /* FirebaseRemoteConfigSwift in Frameworks */ = {isa = PBXBuildFile; productRef = F2B788FB2B0C925100D81443 /* FirebaseRemoteConfigSwift */; };
		F2B788FE2B0C925100D81443 /* FirebaseStorage in Frameworks */ = {isa = PBXBuildFile; productRef = F2B788FD2B0C925100D81443 /* FirebaseStorage */; };
		F2B789002B0C925100D81443 /* FirebaseStorageCombine-Community in Frameworks */ = {isa = PBXBuildFile; productRef = F2B788FF2B0C925100D81443 /* FirebaseStorageCombine-Community */; };
		F2B789032B0C975700D81443 /* BannerView.swift in Sources */ = {isa = PBXBuildFile; fileRef = F2B789022B0C975700D81443 /* BannerView.swift */; };
		F2B789062B0C97FF00D81443 /* Book.swift in Sources */ = {isa = PBXBuildFile; fileRef = F2B789052B0C97FF00D81443 /* Book.swift */; };
		F2B789082B0C982000D81443 /* TopBannerSlide.swift in Sources */ = {isa = PBXBuildFile; fileRef = F2B789072B0C982000D81443 /* TopBannerSlide.swift */; };
		F2B7890A2B0C983C00D81443 /* RemoteConfigData.swift in Sources */ = {isa = PBXBuildFile; fileRef = F2B789092B0C983C00D81443 /* RemoteConfigData.swift */; };
		F2B7890C2B0C985D00D81443 /* NetworkManager.swift in Sources */ = {isa = PBXBuildFile; fileRef = F2B7890B2B0C985D00D81443 /* NetworkManager.swift */; };
		F2B7890E2B0CA2DB00D81443 /* MainPageViewModel.swift in Sources */ = {isa = PBXBuildFile; fileRef = F2B7890D2B0CA2DB00D81443 /* MainPageViewModel.swift */; };
		F2B789112B0CF14200D81443 /* BookView.swift in Sources */ = {isa = PBXBuildFile; fileRef = F2B789102B0CF14200D81443 /* BookView.swift */; };
		F2B789132B0CF16E00D81443 /* GenreSectionView.swift in Sources */ = {isa = PBXBuildFile; fileRef = F2B789122B0CF16E00D81443 /* GenreSectionView.swift */; };
/* End PBXBuildFile section */

/* Begin PBXFileReference section */
		F2B788CA2B0C8B8300D81443 /* BooksApp.app */ = {isa = PBXFileReference; explicitFileType = wrapper.application; includeInIndex = 0; path = BooksApp.app; sourceTree = BUILT_PRODUCTS_DIR; };
		F2B788CD2B0C8B8300D81443 /* AppDelegate.swift */ = {isa = PBXFileReference; lastKnownFileType = sourcecode.swift; path = AppDelegate.swift; sourceTree = "<group>"; };
		F2B788CF2B0C8B8300D81443 /* SceneDelegate.swift */ = {isa = PBXFileReference; lastKnownFileType = sourcecode.swift; path = SceneDelegate.swift; sourceTree = "<group>"; };
		F2B788D62B0C8B8500D81443 /* Assets.xcassets */ = {isa = PBXFileReference; lastKnownFileType = folder.assetcatalog; path = Assets.xcassets; sourceTree = "<group>"; };
		F2B788D92B0C8B8500D81443 /* Base */ = {isa = PBXFileReference; lastKnownFileType = file.storyboard; name = Base; path = Base.lproj/LaunchScreen.storyboard; sourceTree = "<group>"; };
		F2B788DB2B0C8B8500D81443 /* Info.plist */ = {isa = PBXFileReference; lastKnownFileType = text.plist.xml; path = Info.plist; sourceTree = "<group>"; };
		F2B788E42B0C8C9300D81443 /* MainPage.swift */ = {isa = PBXFileReference; lastKnownFileType = sourcecode.swift; path = MainPage.swift; sourceTree = "<group>"; };
		F2B788E62B0C910900D81443 /* GoogleService-Info.plist */ = {isa = PBXFileReference; fileEncoding = 4; lastKnownFileType = text.plist.xml; path = "GoogleService-Info.plist"; sourceTree = "<group>"; };
		F2B789022B0C975700D81443 /* BannerView.swift */ = {isa = PBXFileReference; lastKnownFileType = sourcecode.swift; path = BannerView.swift; sourceTree = "<group>"; };
		F2B789052B0C97FF00D81443 /* Book.swift */ = {isa = PBXFileReference; lastKnownFileType = sourcecode.swift; path = Book.swift; sourceTree = "<group>"; };
		F2B789072B0C982000D81443 /* TopBannerSlide.swift */ = {isa = PBXFileReference; lastKnownFileType = sourcecode.swift; path = TopBannerSlide.swift; sourceTree = "<group>"; };
		F2B789092B0C983C00D81443 /* RemoteConfigData.swift */ = {isa = PBXFileReference; lastKnownFileType = sourcecode.swift; path = RemoteConfigData.swift; sourceTree = "<group>"; };
		F2B7890B2B0C985D00D81443 /* NetworkManager.swift */ = {isa = PBXFileReference; lastKnownFileType = sourcecode.swift; path = NetworkManager.swift; sourceTree = "<group>"; };
		F2B7890D2B0CA2DB00D81443 /* MainPageViewModel.swift */ = {isa = PBXFileReference; lastKnownFileType = sourcecode.swift; path = MainPageViewModel.swift; sourceTree = "<group>"; };
		F2B789102B0CF14200D81443 /* BookView.swift */ = {isa = PBXFileReference; lastKnownFileType = sourcecode.swift; path = BookView.swift; sourceTree = "<group>"; };
		F2B789122B0CF16E00D81443 /* GenreSectionView.swift */ = {isa = PBXFileReference; lastKnownFileType = sourcecode.swift; path = GenreSectionView.swift; sourceTree = "<group>"; };
/* End PBXFileReference section */

/* Begin PBXFrameworksBuildPhase section */
		F2B788C72B0C8B8300D81443 /* Frameworks */ = {
			isa = PBXFrameworksBuildPhase;
			buildActionMask = 2147483647;
			files = (
				F2B788FA2B0C925100D81443 /* FirebaseRemoteConfig in Frameworks */,
				F2B788EA2B0C925100D81443 /* FirebaseAnalytics in Frameworks */,
				F2B788EC2B0C925100D81443 /* FirebaseCrashlytics in Frameworks */,
				F2B788F62B0C925100D81443 /* FirebaseMessaging in Frameworks */,
				F2B788F02B0C925100D81443 /* FirebaseInAppMessagingSwift-Beta in Frameworks */,
				F2B788F42B0C925100D81443 /* FirebaseMLModelDownloader in Frameworks */,
				F2B788EE2B0C925100D81443 /* FirebaseInAppMessaging-Beta in Frameworks */,
				F2B788FC2B0C925100D81443 /* FirebaseRemoteConfigSwift in Frameworks */,
				F2B788FE2B0C925100D81443 /* FirebaseStorage in Frameworks */,
				F2B788F82B0C925100D81443 /* FirebasePerformance in Frameworks */,
				F2B789002B0C925100D81443 /* FirebaseStorageCombine-Community in Frameworks */,
				F2B788F22B0C925100D81443 /* FirebaseInstallations in Frameworks */,
			);
			runOnlyForDeploymentPostprocessing = 0;
		};
/* End PBXFrameworksBuildPhase section */

/* Begin PBXGroup section */
		F2B788C12B0C8B8300D81443 = {
			isa = PBXGroup;
			children = (
				F2B788CC2B0C8B8300D81443 /* BooksApp */,
				F2B788CB2B0C8B8300D81443 /* Products */,
			);
			sourceTree = "<group>";
		};
		F2B788CB2B0C8B8300D81443 /* Products */ = {
			isa = PBXGroup;
			children = (
				F2B788CA2B0C8B8300D81443 /* BooksApp.app */,
			);
			name = Products;
			sourceTree = "<group>";
		};
		F2B788CC2B0C8B8300D81443 /* BooksApp */ = {
			isa = PBXGroup;
			children = (
				F2B788E22B0C8C7000D81443 /* Core */,
				F2B788E32B0C8C7A00D81443 /* Scene */,
				F2B788E12B0C8BD300D81443 /* Resources */,
			);
			path = BooksApp;
			sourceTree = "<group>";
		};
		F2B788E12B0C8BD300D81443 /* Resources */ = {
			isa = PBXGroup;
			children = (
				F2B788D62B0C8B8500D81443 /* Assets.xcassets */,
				F2B788D82B0C8B8500D81443 /* LaunchScreen.storyboard */,
				F2B788DB2B0C8B8500D81443 /* Info.plist */,
				F2B788E62B0C910900D81443 /* GoogleService-Info.plist */,
			);
			path = Resources;
			sourceTree = "<group>";
		};
		F2B788E22B0C8C7000D81443 /* Core */ = {
			isa = PBXGroup;
			children = (
				F2B788CD2B0C8B8300D81443 /* AppDelegate.swift */,
				F2B788CF2B0C8B8300D81443 /* SceneDelegate.swift */,
				F2B7890B2B0C985D00D81443 /* NetworkManager.swift */,
			);
			path = Core;
			sourceTree = "<group>";
		};
		F2B788E32B0C8C7A00D81443 /* Scene */ = {
			isa = PBXGroup;
			children = (
				F2B789042B0C97F400D81443 /* Models */,
				F2B789012B0C973B00D81443 /* Views */,
				F2B789142B0CFA5C00D81443 /* ViewModels */,
			);
			path = Scene;
			sourceTree = "<group>";
		};
		F2B789012B0C973B00D81443 /* Views */ = {
			isa = PBXGroup;
			children = (
				F2B789152B0CFA8300D81443 /* MainScene */,
			);
			path = Views;
			sourceTree = "<group>";
		};
		F2B789042B0C97F400D81443 /* Models */ = {
			isa = PBXGroup;
			children = (
				F2B789052B0C97FF00D81443 /* Book.swift */,
				F2B789072B0C982000D81443 /* TopBannerSlide.swift */,
				F2B789092B0C983C00D81443 /* RemoteConfigData.swift */,
			);
			path = Models;
			sourceTree = "<group>";
		};
		F2B7890F2B0CF13300D81443 /* Components */ = {
			isa = PBXGroup;
			children = (
				F2B789022B0C975700D81443 /* BannerView.swift */,
				F2B789102B0CF14200D81443 /* BookView.swift */,
				F2B789122B0CF16E00D81443 /* GenreSectionView.swift */,
			);
			path = Components;
			sourceTree = "<group>";
		};
		F2B789142B0CFA5C00D81443 /* ViewModels */ = {
			isa = PBXGroup;
			children = (
				F2B7890D2B0CA2DB00D81443 /* MainPageViewModel.swift */,
			);
			path = ViewModels;
			sourceTree = "<group>";
		};
		F2B789152B0CFA8300D81443 /* MainScene */ = {
			isa = PBXGroup;
			children = (
				F2B788E42B0C8C9300D81443 /* MainPage.swift */,
				F2B7890F2B0CF13300D81443 /* Components */,
			);
			path = MainScene;
			sourceTree = "<group>";
		};
/* End PBXGroup section */

/* Begin PBXNativeTarget section */
		F2B788C92B0C8B8300D81443 /* BooksApp */ = {
			isa = PBXNativeTarget;
			buildConfigurationList = F2B788DE2B0C8B8500D81443 /* Build configuration list for PBXNativeTarget "BooksApp" */;
			buildPhases = (
				F2B788C62B0C8B8300D81443 /* Sources */,
				F2B788C72B0C8B8300D81443 /* Frameworks */,
				F2B788C82B0C8B8300D81443 /* Resources */,
			);
			buildRules = (
			);
			dependencies = (
			);
			name = BooksApp;
			packageProductDependencies = (
				F2B788E92B0C925100D81443 /* FirebaseAnalytics */,
				F2B788EB2B0C925100D81443 /* FirebaseCrashlytics */,
				F2B788ED2B0C925100D81443 /* FirebaseInAppMessaging-Beta */,
				F2B788EF2B0C925100D81443 /* FirebaseInAppMessagingSwift-Beta */,
				F2B788F12B0C925100D81443 /* FirebaseInstallations */,
				F2B788F32B0C925100D81443 /* FirebaseMLModelDownloader */,
				F2B788F52B0C925100D81443 /* FirebaseMessaging */,
				F2B788F72B0C925100D81443 /* FirebasePerformance */,
				F2B788F92B0C925100D81443 /* FirebaseRemoteConfig */,
				F2B788FB2B0C925100D81443 /* FirebaseRemoteConfigSwift */,
				F2B788FD2B0C925100D81443 /* FirebaseStorage */,
				F2B788FF2B0C925100D81443 /* FirebaseStorageCombine-Community */,
			);
			productName = BooksApp;
			productReference = F2B788CA2B0C8B8300D81443 /* BooksApp.app */;
			productType = "com.apple.product-type.application";
		};
/* End PBXNativeTarget section */

/* Begin PBXProject section */
		F2B788C22B0C8B8300D81443 /* Project object */ = {
			isa = PBXProject;
			attributes = {
				BuildIndependentTargetsInParallel = 1;
				LastSwiftUpdateCheck = 1500;
				LastUpgradeCheck = 1500;
				TargetAttributes = {
					F2B788C92B0C8B8300D81443 = {
						CreatedOnToolsVersion = 15.0.1;
					};
				};
			};
			buildConfigurationList = F2B788C52B0C8B8300D81443 /* Build configuration list for PBXProject "BooksApp" */;
			compatibilityVersion = "Xcode 14.0";
			developmentRegion = en;
			hasScannedForEncodings = 0;
			knownRegions = (
				en,
				Base,
			);
			mainGroup = F2B788C12B0C8B8300D81443;
			packageReferences = (
				F2B788E82B0C925000D81443 /* XCRemoteSwiftPackageReference "firebase-ios-sdk" */,
			);
			productRefGroup = F2B788CB2B0C8B8300D81443 /* Products */;
			projectDirPath = "";
			projectRoot = "";
			targets = (
				F2B788C92B0C8B8300D81443 /* BooksApp */,
			);
		};
/* End PBXProject section */

/* Begin PBXResourcesBuildPhase section */
		F2B788C82B0C8B8300D81443 /* Resources */ = {
			isa = PBXResourcesBuildPhase;
			buildActionMask = 2147483647;
			files = (
				F2B788DA2B0C8B8500D81443 /* LaunchScreen.storyboard in Resources */,
				F2B788D72B0C8B8500D81443 /* Assets.xcassets in Resources */,
				F2B788E72B0C910A00D81443 /* GoogleService-Info.plist in Resources */,
			);
			runOnlyForDeploymentPostprocessing = 0;
		};
/* End PBXResourcesBuildPhase section */

/* Begin PBXSourcesBuildPhase section */
		F2B788C62B0C8B8300D81443 /* Sources */ = {
			isa = PBXSourcesBuildPhase;
			buildActionMask = 2147483647;
			files = (
				F2B7890C2B0C985D00D81443 /* NetworkManager.swift in Sources */,
				F2B789032B0C975700D81443 /* BannerView.swift in Sources */,
				F2B789132B0CF16E00D81443 /* GenreSectionView.swift in Sources */,
				F2B7890E2B0CA2DB00D81443 /* MainPageViewModel.swift in Sources */,
				F2B789062B0C97FF00D81443 /* Book.swift in Sources */,
				F2B789082B0C982000D81443 /* TopBannerSlide.swift in Sources */,
				F2B788CE2B0C8B8300D81443 /* AppDelegate.swift in Sources */,
				F2B7890A2B0C983C00D81443 /* RemoteConfigData.swift in Sources */,
				F2B788D02B0C8B8300D81443 /* SceneDelegate.swift in Sources */,
				F2B789112B0CF14200D81443 /* BookView.swift in Sources */,
				F2B788E52B0C8C9300D81443 /* MainPage.swift in Sources */,
			);
			runOnlyForDeploymentPostprocessing = 0;
		};
/* End PBXSourcesBuildPhase section */

/* Begin PBXVariantGroup section */
		F2B788D82B0C8B8500D81443 /* LaunchScreen.storyboard */ = {
			isa = PBXVariantGroup;
			children = (
				F2B788D92B0C8B8500D81443 /* Base */,
			);
			name = LaunchScreen.storyboard;
			sourceTree = "<group>";
		};
/* End PBXVariantGroup section */

/* Begin XCBuildConfiguration section */
		F2B788DC2B0C8B8500D81443 /* Debug */ = {
			isa = XCBuildConfiguration;
			buildSettings = {
				ALWAYS_SEARCH_USER_PATHS = NO;
				ASSETCATALOG_COMPILER_GENERATE_SWIFT_ASSET_SYMBOL_EXTENSIONS = YES;
				CLANG_ANALYZER_NONNULL = YES;
				CLANG_ANALYZER_NUMBER_OBJECT_CONVERSION = YES_AGGRESSIVE;
				CLANG_CXX_LANGUAGE_STANDARD = "gnu++20";
				CLANG_ENABLE_MODULES = YES;
				CLANG_ENABLE_OBJC_ARC = YES;
				CLANG_ENABLE_OBJC_WEAK = YES;
				CLANG_WARN_BLOCK_CAPTURE_AUTORELEASING = YES;
				CLANG_WARN_BOOL_CONVERSION = YES;
				CLANG_WARN_COMMA = YES;
				CLANG_WARN_CONSTANT_CONVERSION = YES;
				CLANG_WARN_DEPRECATED_OBJC_IMPLEMENTATIONS = YES;
				CLANG_WARN_DIRECT_OBJC_ISA_USAGE = YES_ERROR;
				CLANG_WARN_DOCUMENTATION_COMMENTS = YES;
				CLANG_WARN_EMPTY_BODY = YES;
				CLANG_WARN_ENUM_CONVERSION = YES;
				CLANG_WARN_INFINITE_RECURSION = YES;
				CLANG_WARN_INT_CONVERSION = YES;
				CLANG_WARN_NON_LITERAL_NULL_CONVERSION = YES;
				CLANG_WARN_OBJC_IMPLICIT_RETAIN_SELF = YES;
				CLANG_WARN_OBJC_LITERAL_CONVERSION = YES;
				CLANG_WARN_OBJC_ROOT_CLASS = YES_ERROR;
				CLANG_WARN_QUOTED_INCLUDE_IN_FRAMEWORK_HEADER = YES;
				CLANG_WARN_RANGE_LOOP_ANALYSIS = YES;
				CLANG_WARN_STRICT_PROTOTYPES = YES;
				CLANG_WARN_SUSPICIOUS_MOVE = YES;
				CLANG_WARN_UNGUARDED_AVAILABILITY = YES_AGGRESSIVE;
				CLANG_WARN_UNREACHABLE_CODE = YES;
				CLANG_WARN__DUPLICATE_METHOD_MATCH = YES;
				COPY_PHASE_STRIP = NO;
				DEBUG_INFORMATION_FORMAT = dwarf;
				ENABLE_STRICT_OBJC_MSGSEND = YES;
				ENABLE_TESTABILITY = YES;
				ENABLE_USER_SCRIPT_SANDBOXING = YES;
				GCC_C_LANGUAGE_STANDARD = gnu17;
				GCC_DYNAMIC_NO_PIC = NO;
				GCC_NO_COMMON_BLOCKS = YES;
				GCC_OPTIMIZATION_LEVEL = 0;
				GCC_PREPROCESSOR_DEFINITIONS = (
					"DEBUG=1",
					"$(inherited)",
				);
				GCC_WARN_64_TO_32_BIT_CONVERSION = YES;
				GCC_WARN_ABOUT_RETURN_TYPE = YES_ERROR;
				GCC_WARN_UNDECLARED_SELECTOR = YES;
				GCC_WARN_UNINITIALIZED_AUTOS = YES_AGGRESSIVE;
				GCC_WARN_UNUSED_FUNCTION = YES;
				GCC_WARN_UNUSED_VARIABLE = YES;
				IPHONEOS_DEPLOYMENT_TARGET = 17.0;
				LOCALIZATION_PREFERS_STRING_CATALOGS = YES;
				MTL_ENABLE_DEBUG_INFO = INCLUDE_SOURCE;
				MTL_FAST_MATH = YES;
				ONLY_ACTIVE_ARCH = YES;
				SDKROOT = iphoneos;
				SWIFT_ACTIVE_COMPILATION_CONDITIONS = "DEBUG $(inherited)";
				SWIFT_OPTIMIZATION_LEVEL = "-Onone";
			};
			name = Debug;
		};
		F2B788DD2B0C8B8500D81443 /* Release */ = {
			isa = XCBuildConfiguration;
			buildSettings = {
				ALWAYS_SEARCH_USER_PATHS = NO;
				ASSETCATALOG_COMPILER_GENERATE_SWIFT_ASSET_SYMBOL_EXTENSIONS = YES;
				CLANG_ANALYZER_NONNULL = YES;
				CLANG_ANALYZER_NUMBER_OBJECT_CONVERSION = YES_AGGRESSIVE;
				CLANG_CXX_LANGUAGE_STANDARD = "gnu++20";
				CLANG_ENABLE_MODULES = YES;
				CLANG_ENABLE_OBJC_ARC = YES;
				CLANG_ENABLE_OBJC_WEAK = YES;
				CLANG_WARN_BLOCK_CAPTURE_AUTORELEASING = YES;
				CLANG_WARN_BOOL_CONVERSION = YES;
				CLANG_WARN_COMMA = YES;
				CLANG_WARN_CONSTANT_CONVERSION = YES;
				CLANG_WARN_DEPRECATED_OBJC_IMPLEMENTATIONS = YES;
				CLANG_WARN_DIRECT_OBJC_ISA_USAGE = YES_ERROR;
				CLANG_WARN_DOCUMENTATION_COMMENTS = YES;
				CLANG_WARN_EMPTY_BODY = YES;
				CLANG_WARN_ENUM_CONVERSION = YES;
				CLANG_WARN_INFINITE_RECURSION = YES;
				CLANG_WARN_INT_CONVERSION = YES;
				CLANG_WARN_NON_LITERAL_NULL_CONVERSION = YES;
				CLANG_WARN_OBJC_IMPLICIT_RETAIN_SELF = YES;
				CLANG_WARN_OBJC_LITERAL_CONVERSION = YES;
				CLANG_WARN_OBJC_ROOT_CLASS = YES_ERROR;
				CLANG_WARN_QUOTED_INCLUDE_IN_FRAMEWORK_HEADER = YES;
				CLANG_WARN_RANGE_LOOP_ANALYSIS = YES;
				CLANG_WARN_STRICT_PROTOTYPES = YES;
				CLANG_WARN_SUSPICIOUS_MOVE = YES;
				CLANG_WARN_UNGUARDED_AVAILABILITY = YES_AGGRESSIVE;
				CLANG_WARN_UNREACHABLE_CODE = YES;
				CLANG_WARN__DUPLICATE_METHOD_MATCH = YES;
				COPY_PHASE_STRIP = NO;
				DEBUG_INFORMATION_FORMAT = "dwarf-with-dsym";
				ENABLE_NS_ASSERTIONS = NO;
				ENABLE_STRICT_OBJC_MSGSEND = YES;
				ENABLE_USER_SCRIPT_SANDBOXING = YES;
				GCC_C_LANGUAGE_STANDARD = gnu17;
				GCC_NO_COMMON_BLOCKS = YES;
				GCC_WARN_64_TO_32_BIT_CONVERSION = YES;
				GCC_WARN_ABOUT_RETURN_TYPE = YES_ERROR;
				GCC_WARN_UNDECLARED_SELECTOR = YES;
				GCC_WARN_UNINITIALIZED_AUTOS = YES_AGGRESSIVE;
				GCC_WARN_UNUSED_FUNCTION = YES;
				GCC_WARN_UNUSED_VARIABLE = YES;
				IPHONEOS_DEPLOYMENT_TARGET = 17.0;
				LOCALIZATION_PREFERS_STRING_CATALOGS = YES;
				MTL_ENABLE_DEBUG_INFO = NO;
				MTL_FAST_MATH = YES;
				SDKROOT = iphoneos;
				SWIFT_COMPILATION_MODE = wholemodule;
				VALIDATE_PRODUCT = YES;
			};
			name = Release;
		};
		F2B788DF2B0C8B8500D81443 /* Debug */ = {
			isa = XCBuildConfiguration;
			buildSettings = {
				ASSETCATALOG_COMPILER_APPICON_NAME = AppIcon;
				ASSETCATALOG_COMPILER_GLOBAL_ACCENT_COLOR_NAME = AccentColor;
				CODE_SIGN_STYLE = Automatic;
				CURRENT_PROJECT_VERSION = 1;
				DEVELOPMENT_TEAM = T73BLRAKR5;
				GENERATE_INFOPLIST_FILE = YES;
				INFOPLIST_FILE = BooksApp/Resources/Info.plist;
				INFOPLIST_KEY_UIApplicationSupportsIndirectInputEvents = YES;
				INFOPLIST_KEY_UILaunchStoryboardName = LaunchScreen;
				INFOPLIST_KEY_UISupportedInterfaceOrientations = UIInterfaceOrientationPortrait;
				INFOPLIST_KEY_UISupportedInterfaceOrientations_iPad = "UIInterfaceOrientationLandscapeLeft UIInterfaceOrientationLandscapeRight UIInterfaceOrientationPortrait UIInterfaceOrientationPortraitUpsideDown";
				IPHONEOS_DEPLOYMENT_TARGET = 15.0;
				LD_RUNPATH_SEARCH_PATHS = (
					"$(inherited)",
					"@executable_path/Frameworks",
				);
				MARKETING_VERSION = 1.0;
				PRODUCT_BUNDLE_IDENTIFIER = com.bookapp14.BooksApp;
				PRODUCT_NAME = "$(TARGET_NAME)";
				SUPPORTED_PLATFORMS = "iphoneos iphonesimulator";
				SUPPORTS_MACCATALYST = NO;
				SUPPORTS_MAC_DESIGNED_FOR_IPHONE_IPAD = NO;
				SWIFT_EMIT_LOC_STRINGS = YES;
				SWIFT_VERSION = 5.0;
				TARGETED_DEVICE_FAMILY = 1;
			};
			name = Debug;
		};
		F2B788E02B0C8B8500D81443 /* Release */ = {
			isa = XCBuildConfiguration;
			buildSettings = {
				ASSETCATALOG_COMPILER_APPICON_NAME = AppIcon;
				ASSETCATALOG_COMPILER_GLOBAL_ACCENT_COLOR_NAME = AccentColor;
				CODE_SIGN_STYLE = Automatic;
				CURRENT_PROJECT_VERSION = 1;
				DEVELOPMENT_TEAM = T73BLRAKR5;
				GENERATE_INFOPLIST_FILE = YES;
				INFOPLIST_FILE = BooksApp/Resources/Info.plist;
				INFOPLIST_KEY_UIApplicationSupportsIndirectInputEvents = YES;
				INFOPLIST_KEY_UILaunchStoryboardName = LaunchScreen;
				INFOPLIST_KEY_UISupportedInterfaceOrientations = UIInterfaceOrientationPortrait;
				INFOPLIST_KEY_UISupportedInterfaceOrientations_iPad = "UIInterfaceOrientationLandscapeLeft UIInterfaceOrientationLandscapeRight UIInterfaceOrientationPortrait UIInterfaceOrientationPortraitUpsideDown";
				IPHONEOS_DEPLOYMENT_TARGET = 15.0;
				LD_RUNPATH_SEARCH_PATHS = (
					"$(inherited)",
					"@executable_path/Frameworks",
				);
				MARKETING_VERSION = 1.0;
				PRODUCT_BUNDLE_IDENTIFIER = com.bookapp14.BooksApp;
				PRODUCT_NAME = "$(TARGET_NAME)";
				SUPPORTED_PLATFORMS = "iphoneos iphonesimulator";
				SUPPORTS_MACCATALYST = NO;
				SUPPORTS_MAC_DESIGNED_FOR_IPHONE_IPAD = NO;
				SWIFT_EMIT_LOC_STRINGS = YES;
				SWIFT_VERSION = 5.0;
				TARGETED_DEVICE_FAMILY = 1;
			};
			name = Release;
		};
/* End XCBuildConfiguration section */

/* Begin XCConfigurationList section */
		F2B788C52B0C8B8300D81443 /* Build configuration list for PBXProject "BooksApp" */ = {
			isa = XCConfigurationList;
			buildConfigurations = (
				F2B788DC2B0C8B8500D81443 /* Debug */,
				F2B788DD2B0C8B8500D81443 /* Release */,
			);
			defaultConfigurationIsVisible = 0;
			defaultConfigurationName = Release;
		};
		F2B788DE2B0C8B8500D81443 /* Build configuration list for PBXNativeTarget "BooksApp" */ = {
			isa = XCConfigurationList;
			buildConfigurations = (
				F2B788DF2B0C8B8500D81443 /* Debug */,
				F2B788E02B0C8B8500D81443 /* Release */,
			);
			defaultConfigurationIsVisible = 0;
			defaultConfigurationName = Release;
		};
/* End XCConfigurationList section */

/* Begin XCRemoteSwiftPackageReference section */
		F2B788E82B0C925000D81443 /* XCRemoteSwiftPackageReference "firebase-ios-sdk" */ = {
			isa = XCRemoteSwiftPackageReference;
			repositoryURL = "https://github.com/firebase/firebase-ios-sdk";
			requirement = {
				kind = upToNextMajorVersion;
				minimumVersion = 10.18.0;
			};
		};
/* End XCRemoteSwiftPackageReference section */

/* Begin XCSwiftPackageProductDependency section */
		F2B788E92B0C925100D81443 /* FirebaseAnalytics */ = {
			isa = XCSwiftPackageProductDependency;
			package = F2B788E82B0C925000D81443 /* XCRemoteSwiftPackageReference "firebase-ios-sdk" */;
			productName = FirebaseAnalytics;
		};
		F2B788EB2B0C925100D81443 /* FirebaseCrashlytics */ = {
			isa = XCSwiftPackageProductDependency;
			package = F2B788E82B0C925000D81443 /* XCRemoteSwiftPackageReference "firebase-ios-sdk" */;
			productName = FirebaseCrashlytics;
		};
		F2B788ED2B0C925100D81443 /* FirebaseInAppMessaging-Beta */ = {
			isa = XCSwiftPackageProductDependency;
			package = F2B788E82B0C925000D81443 /* XCRemoteSwiftPackageReference "firebase-ios-sdk" */;
			productName = "FirebaseInAppMessaging-Beta";
		};
		F2B788EF2B0C925100D81443 /* FirebaseInAppMessagingSwift-Beta */ = {
			isa = XCSwiftPackageProductDependency;
			package = F2B788E82B0C925000D81443 /* XCRemoteSwiftPackageReference "firebase-ios-sdk" */;
			productName = "FirebaseInAppMessagingSwift-Beta";
		};
		F2B788F12B0C925100D81443 /* FirebaseInstallations */ = {
			isa = XCSwiftPackageProductDependency;
			package = F2B788E82B0C925000D81443 /* XCRemoteSwiftPackageReference "firebase-ios-sdk" */;
			productName = FirebaseInstallations;
		};
		F2B788F32B0C925100D81443 /* FirebaseMLModelDownloader */ = {
			isa = XCSwiftPackageProductDependency;
			package = F2B788E82B0C925000D81443 /* XCRemoteSwiftPackageReference "firebase-ios-sdk" */;
			productName = FirebaseMLModelDownloader;
		};
		F2B788F52B0C925100D81443 /* FirebaseMessaging */ = {
			isa = XCSwiftPackageProductDependency;
			package = F2B788E82B0C925000D81443 /* XCRemoteSwiftPackageReference "firebase-ios-sdk" */;
			productName = FirebaseMessaging;
		};
		F2B788F72B0C925100D81443 /* FirebasePerformance */ = {
			isa = XCSwiftPackageProductDependency;
			package = F2B788E82B0C925000D81443 /* XCRemoteSwiftPackageReference "firebase-ios-sdk" */;
			productName = FirebasePerformance;
		};
		F2B788F92B0C925100D81443 /* FirebaseRemoteConfig */ = {
			isa = XCSwiftPackageProductDependency;
			package = F2B788E82B0C925000D81443 /* XCRemoteSwiftPackageReference "firebase-ios-sdk" */;
			productName = FirebaseRemoteConfig;
		};
		F2B788FB2B0C925100D81443 /* FirebaseRemoteConfigSwift */ = {
			isa = XCSwiftPackageProductDependency;
			package = F2B788E82B0C925000D81443 /* XCRemoteSwiftPackageReference "firebase-ios-sdk" */;
			productName = FirebaseRemoteConfigSwift;
		};
		F2B788FD2B0C925100D81443 /* FirebaseStorage */ = {
			isa = XCSwiftPackageProductDependency;
			package = F2B788E82B0C925000D81443 /* XCRemoteSwiftPackageReference "firebase-ios-sdk" */;
			productName = FirebaseStorage;
		};
		F2B788FF2B0C925100D81443 /* FirebaseStorageCombine-Community */ = {
			isa = XCSwiftPackageProductDependency;
			package = F2B788E82B0C925000D81443 /* XCRemoteSwiftPackageReference "firebase-ios-sdk" */;
			productName = "FirebaseStorageCombine-Community";
		};
/* End XCSwiftPackageProductDependency section */
	};
	rootObject = F2B788C22B0C8B8300D81443 /* Project object */;
}
